
Microsoft Visual Studio Solution File, Format Version 12.00
# Visual Studio Version 16
VisualStudioVersion = 16.0.31321.278
MinimumVisualStudioVersion = 10.0.40219.1
Project("{FAE04EC0-301F-11D3-BF4B-00C04F79EFBC}") = "01_LINQ", "01_LINQ\01_LINQ.csproj", "{205A3FDD-8A90-48DF-9FA9-1F6C93B1ECE3}"
EndProject
Project("{FAE04EC0-301F-11D3-BF4B-00C04F79EFBC}") = "02_LINQ", "02_LINQ\02_LINQ.csproj", "{B7EA6C58-331E-493D-89D7-1B8835A2F86B}"
EndProject
Project("{FAE04EC0-301F-11D3-BF4B-00C04F79EFBC}") = "03_LINQ_OBJ", "03_LINQ_OBJ\03_LINQ_OBJ.csproj", "{C485EBFD-DE39-4A69-AE4E-A7FFC3AE4380}"
EndProject
Project("{FAE04EC0-301F-11D3-BF4B-00C04F79EFBC}") = "04_LINQ_JOIN", "04_LINQ_JOIN\04_LINQ_JOIN.csproj", "{55C2B8EA-3260-4656-A412-D66B8557B9CF}"
EndProject
Project("{FAE04EC0-301F-11D3-BF4B-00C04F79EFBC}") = "05_LINQ_GROUP", "05_LINQ_GROUP\05_LINQ_GROUP.csproj", "{EEF7D31A-8EC5-4B27-9ABE-C3F206113990}"
EndProject
Global
	GlobalSection(SolutionConfigurationPlatforms) = preSolution
		Debug|Any CPU = Debug|Any CPU
		Release|Any CPU = Release|Any CPU
	EndGlobalSection
	GlobalSection(ProjectConfigurationPlatforms) = postSolution
		{205A3FDD-8A90-48DF-9FA9-1F6C93B1ECE3}.Debug|Any CPU.ActiveCfg = Debug|Any CPU
		{205A3FDD-8A90-48DF-9FA9-1F6C93B1ECE3}.Debug|Any CPU.Build.0 = Debug|Any CPU
		{205A3FDD-8A90-48DF-9FA9-1F6C93B1ECE3}.Release|Any CPU.ActiveCfg = Release|Any CPU
		{205A3FDD-8A90-48DF-9FA9-1F6C93B1ECE3}.Release|Any CPU.Build.0 = Release|Any CPU
		{B7EA6C58-331E-493D-89D7-1B8835A2F86B}.Debug|Any CPU.ActiveCfg = Debug|Any CPU
		{B7EA6C58-331E-493D-89D7-1B8835A2F86B}.Debug|Any CPU.Build.0 = Debug|Any CPU
		{B7EA6C58-331E-493D-89D7-1B8835A2F86B}.Release|Any CPU.ActiveCfg = Release|Any CPU
		{B7EA6C58-331E-493D-89D7-1B8835A2F86B}.Release|Any CPU.Build.0 = Release|Any CPU
		{C485EBFD-DE39-4A69-AE4E-A7FFC3AE4380}.Debug|Any CPU.ActiveCfg = Debug|Any CPU
		{C485EBFD-DE39-4A69-AE4E-A7FFC3AE4380}.Debug|Any CPU.Build.0 = Debug|Any CPU
		{C485EBFD-DE39-4A69-AE4E-A7FFC3AE4380}.Release|Any CPU.ActiveCfg = Release|Any CPU
		{C485EBFD-DE39-4A69-AE4E-A7FFC3AE4380}.Release|Any CPU.Build.0 = Release|Any CPU
		{55C2B8EA-3260-4656-A412-D66B8557B9CF}.Debug|Any CPU.ActiveCfg = Debug|Any CPU
		{55C2B8EA-3260-4656-A412-D66B8557B9CF}.Debug|Any CPU.Build.0 = Debug|Any CPU
		{55C2B8EA-3260-4656-A412-D66B8557B9CF}.Release|Any CPU.ActiveCfg = Release|Any CPU
		{55C2B8EA-3260-4656-A412-D66B8557B9CF}.Release|Any CPU.Build.0 = Release|Any CPU
		{EEF7D31A-8EC5-4B27-9ABE-C3F206113990}.Debug|Any CPU.ActiveCfg = Debug|Any CPU
		{EEF7D31A-8EC5-4B27-9ABE-C3F206113990}.Debug|Any CPU.Build.0 = Debug|Any CPU
		{EEF7D31A-8EC5-4B27-9ABE-C3F206113990}.Release|Any CPU.ActiveCfg = Release|Any CPU
		{EEF7D31A-8EC5-4B27-9ABE-C3F206113990}.Release|Any CPU.Build.0 = Release|Any CPU
	EndGlobalSection
	GlobalSection(SolutionProperties) = preSolution
		HideSolutionNode = FALSE
	EndGlobalSection
	GlobalSection(ExtensibilityGlobals) = postSolution
		SolutionGuid = {6E81FD94-ECB8-4891-91C2-AFCBC08FCBB3}
	EndGlobalSection
EndGlobal
