
Microsoft Visual Studio Solution File, Format Version 12.00
# Visual Studio Version 16
VisualStudioVersion = 16.0.31229.75
MinimumVisualStudioVersion = 10.0.40219.1
Project("{FAE04EC0-301F-11D3-BF4B-00C04F79EFBC}") = "Path", "Path\Path.csproj", "{F63CEDD1-E801-43EB-ADA6-86686F789EE4}"
EndProject
Global
	GlobalSection(SolutionConfigurationPlatforms) = preSolution
		Debug|Any CPU = Debug|Any CPU
		Release|Any CPU = Release|Any CPU
	EndGlobalSection
	GlobalSection(ProjectConfigurationPlatforms) = postSolution
		{F63CEDD1-E801-43EB-ADA6-86686F789EE4}.Debug|Any CPU.ActiveCfg = Debug|Any CPU
		{F63CEDD1-E801-43EB-ADA6-86686F789EE4}.Debug|Any CPU.Build.0 = Debug|Any CPU
		{F63CEDD1-E801-43EB-ADA6-86686F789EE4}.Release|Any CPU.ActiveCfg = Release|Any CPU
		{F63CEDD1-E801-43EB-ADA6-86686F789EE4}.Release|Any CPU.Build.0 = Release|Any CPU
	EndGlobalSection
	GlobalSection(SolutionProperties) = preSolution
		HideSolutionNode = FALSE
	EndGlobalSection
	GlobalSection(ExtensibilityGlobals) = postSolution
		SolutionGuid = {57E507AA-47E9-4A05-8881-6152408ED451}
	EndGlobalSection
EndGlobal
