
Microsoft Visual Studio Solution File, Format Version 12.00
# Visual Studio Version 16
VisualStudioVersion = 16.0.31313.79
MinimumVisualStudioVersion = 10.0.40219.1
Project("{FAE04EC0-301F-11D3-BF4B-00C04F79EFBC}") = "Herança_Polimorfismo", "Herança_Polimorfismo\Herança_Polimorfismo.csproj", "{CF189B24-5AB5-40F7-AEC3-0CE278B7798D}"
EndProject
Global
	GlobalSection(SolutionConfigurationPlatforms) = preSolution
		Debug|Any CPU = Debug|Any CPU
		Release|Any CPU = Release|Any CPU
	EndGlobalSection
	GlobalSection(ProjectConfigurationPlatforms) = postSolution
		{CF189B24-5AB5-40F7-AEC3-0CE278B7798D}.Debug|Any CPU.ActiveCfg = Debug|Any CPU
		{CF189B24-5AB5-40F7-AEC3-0CE278B7798D}.Debug|Any CPU.Build.0 = Debug|Any CPU
		{CF189B24-5AB5-40F7-AEC3-0CE278B7798D}.Release|Any CPU.ActiveCfg = Release|Any CPU
		{CF189B24-5AB5-40F7-AEC3-0CE278B7798D}.Release|Any CPU.Build.0 = Release|Any CPU
	EndGlobalSection
	GlobalSection(SolutionProperties) = preSolution
		HideSolutionNode = FALSE
	EndGlobalSection
	GlobalSection(ExtensibilityGlobals) = postSolution
		SolutionGuid = {58CF078D-9D3E-40F9-8C4A-50FD07BF1897}
	EndGlobalSection
EndGlobal
