
Microsoft Visual Studio Solution File, Format Version 12.00
# Visual Studio Version 16
VisualStudioVersion = 16.0.31321.278
MinimumVisualStudioVersion = 10.0.40219.1
Project("{FAE04EC0-301F-11D3-BF4B-00C04F79EFBC}") = "LINQ_SQL", "LINQ_SQL\LINQ_SQL.csproj", "{94D0FFCC-C226-4079-91FB-81D51B0DAC73}"
EndProject
Global
	GlobalSection(SolutionConfigurationPlatforms) = preSolution
		Debug|Any CPU = Debug|Any CPU
		Release|Any CPU = Release|Any CPU
	EndGlobalSection
	GlobalSection(ProjectConfigurationPlatforms) = postSolution
		{94D0FFCC-C226-4079-91FB-81D51B0DAC73}.Debug|Any CPU.ActiveCfg = Debug|Any CPU
		{94D0FFCC-C226-4079-91FB-81D51B0DAC73}.Debug|Any CPU.Build.0 = Debug|Any CPU
		{94D0FFCC-C226-4079-91FB-81D51B0DAC73}.Release|Any CPU.ActiveCfg = Release|Any CPU
		{94D0FFCC-C226-4079-91FB-81D51B0DAC73}.Release|Any CPU.Build.0 = Release|Any CPU
	EndGlobalSection
	GlobalSection(SolutionProperties) = preSolution
		HideSolutionNode = FALSE
	EndGlobalSection
	GlobalSection(ExtensibilityGlobals) = postSolution
		SolutionGuid = {C7C4ABFC-7C6F-4FDA-B17D-6A82F671193E}
	EndGlobalSection
EndGlobal
