
Microsoft Visual Studio Solution File, Format Version 12.00
# Visual Studio Version 16
VisualStudioVersion = 16.0.31313.79
MinimumVisualStudioVersion = 10.0.40219.1
Project("{FAE04EC0-301F-11D3-BF4B-00C04F79EFBC}") = "HashSet_SortedSet", "HashSet_SortedSet\HashSet_SortedSet.csproj", "{B737C5FA-CB7E-4AF4-A37B-D3BEE9FD3052}"
EndProject
Global
	GlobalSection(SolutionConfigurationPlatforms) = preSolution
		Debug|Any CPU = Debug|Any CPU
		Release|Any CPU = Release|Any CPU
	EndGlobalSection
	GlobalSection(ProjectConfigurationPlatforms) = postSolution
		{B737C5FA-CB7E-4AF4-A37B-D3BEE9FD3052}.Debug|Any CPU.ActiveCfg = Debug|Any CPU
		{B737C5FA-CB7E-4AF4-A37B-D3BEE9FD3052}.Debug|Any CPU.Build.0 = Debug|Any CPU
		{B737C5FA-CB7E-4AF4-A37B-D3BEE9FD3052}.Release|Any CPU.ActiveCfg = Release|Any CPU
		{B737C5FA-CB7E-4AF4-A37B-D3BEE9FD3052}.Release|Any CPU.Build.0 = Release|Any CPU
	EndGlobalSection
	GlobalSection(SolutionProperties) = preSolution
		HideSolutionNode = FALSE
	EndGlobalSection
	GlobalSection(ExtensibilityGlobals) = postSolution
		SolutionGuid = {137EEC1F-C5D0-4BDB-A7A6-A4EFC63315CF}
	EndGlobalSection
EndGlobal
