
Microsoft Visual Studio Solution File, Format Version 12.00
# Visual Studio Version 16
VisualStudioVersion = 16.0.31313.79
MinimumVisualStudioVersion = 10.0.40219.1
Project("{FAE04EC0-301F-11D3-BF4B-00C04F79EFBC}") = "Dictionary_SortedDictionary", "Dictionary_SortedDictionary\Dictionary_SortedDictionary.csproj", "{DDC3AF24-4906-46B4-99EA-611C691F3657}"
EndProject
Global
	GlobalSection(SolutionConfigurationPlatforms) = preSolution
		Debug|Any CPU = Debug|Any CPU
		Release|Any CPU = Release|Any CPU
	EndGlobalSection
	GlobalSection(ProjectConfigurationPlatforms) = postSolution
		{DDC3AF24-4906-46B4-99EA-611C691F3657}.Debug|Any CPU.ActiveCfg = Debug|Any CPU
		{DDC3AF24-4906-46B4-99EA-611C691F3657}.Debug|Any CPU.Build.0 = Debug|Any CPU
		{DDC3AF24-4906-46B4-99EA-611C691F3657}.Release|Any CPU.ActiveCfg = Release|Any CPU
		{DDC3AF24-4906-46B4-99EA-611C691F3657}.Release|Any CPU.Build.0 = Release|Any CPU
	EndGlobalSection
	GlobalSection(SolutionProperties) = preSolution
		HideSolutionNode = FALSE
	EndGlobalSection
	GlobalSection(ExtensibilityGlobals) = postSolution
		SolutionGuid = {45044438-E9DB-4563-B074-FEDD564CC136}
	EndGlobalSection
EndGlobal
