
Microsoft Visual Studio Solution File, Format Version 12.00
# Visual Studio Version 16
VisualStudioVersion = 16.0.31313.79
MinimumVisualStudioVersion = 10.0.40219.1
Project("{FAE04EC0-301F-11D3-BF4B-00C04F79EFBC}") = "Composition_3", "Composition_3\Composition_3.csproj", "{AC7DF8F3-76C7-455C-A3B8-A7698628445E}"
EndProject
Global
	GlobalSection(SolutionConfigurationPlatforms) = preSolution
		Debug|Any CPU = Debug|Any CPU
		Release|Any CPU = Release|Any CPU
	EndGlobalSection
	GlobalSection(ProjectConfigurationPlatforms) = postSolution
		{AC7DF8F3-76C7-455C-A3B8-A7698628445E}.Debug|Any CPU.ActiveCfg = Debug|Any CPU
		{AC7DF8F3-76C7-455C-A3B8-A7698628445E}.Debug|Any CPU.Build.0 = Debug|Any CPU
		{AC7DF8F3-76C7-455C-A3B8-A7698628445E}.Release|Any CPU.ActiveCfg = Release|Any CPU
		{AC7DF8F3-76C7-455C-A3B8-A7698628445E}.Release|Any CPU.Build.0 = Release|Any CPU
	EndGlobalSection
	GlobalSection(SolutionProperties) = preSolution
		HideSolutionNode = FALSE
	EndGlobalSection
	GlobalSection(ExtensibilityGlobals) = postSolution
		SolutionGuid = {D9813713-EBAD-4559-8022-E32C8068E193}
	EndGlobalSection
EndGlobal
