
Microsoft Visual Studio Solution File, Format Version 12.00
# Visual Studio Version 16
VisualStudioVersion = 16.0.31321.278
MinimumVisualStudioVersion = 10.0.40219.1
Project("{FAE04EC0-301F-11D3-BF4B-00C04F79EFBC}") = "ExtensionMethods", "ExtensionMethods\ExtensionMethods.csproj", "{1BDACD45-4CFB-4524-A927-260AB3F505E8}"
EndProject
Global
	GlobalSection(SolutionConfigurationPlatforms) = preSolution
		Debug|Any CPU = Debug|Any CPU
		Release|Any CPU = Release|Any CPU
	EndGlobalSection
	GlobalSection(ProjectConfigurationPlatforms) = postSolution
		{1BDACD45-4CFB-4524-A927-260AB3F505E8}.Debug|Any CPU.ActiveCfg = Debug|Any CPU
		{1BDACD45-4CFB-4524-A927-260AB3F505E8}.Debug|Any CPU.Build.0 = Debug|Any CPU
		{1BDACD45-4CFB-4524-A927-260AB3F505E8}.Release|Any CPU.ActiveCfg = Release|Any CPU
		{1BDACD45-4CFB-4524-A927-260AB3F505E8}.Release|Any CPU.Build.0 = Release|Any CPU
	EndGlobalSection
	GlobalSection(SolutionProperties) = preSolution
		HideSolutionNode = FALSE
	EndGlobalSection
	GlobalSection(ExtensibilityGlobals) = postSolution
		SolutionGuid = {2EADDBC8-0E2C-4749-A36D-A2B0518FEB17}
	EndGlobalSection
EndGlobal
