
Microsoft Visual Studio Solution File, Format Version 12.00
# Visual Studio Version 16
VisualStudioVersion = 16.0.31321.278
MinimumVisualStudioVersion = 10.0.40219.1
Project("{FAE04EC0-301F-11D3-BF4B-00C04F79EFBC}") = "00_Biblioteca", "00_Biblioteca\00_Biblioteca.csproj", "{B5B4CE76-A924-479B-A5B8-70545EA29D37}"
EndProject
Project("{FAE04EC0-301F-11D3-BF4B-00C04F79EFBC}") = "01_SerializarXML", "01_SerializarXML\01_SerializarXML.csproj", "{16A795E1-0691-47BC-A59D-7E3395236CE4}"
EndProject
Project("{FAE04EC0-301F-11D3-BF4B-00C04F79EFBC}") = "02_DeserializarXML", "02_DeserializarXML\02_DeserializarXML.csproj", "{DA9ADAA7-DB15-4FDA-82E1-571D0FB4DAA9}"
EndProject
Project("{FAE04EC0-301F-11D3-BF4B-00C04F79EFBC}") = "03_SerializarJSON", "03_SerializarJSON\03_SerializarJSON.csproj", "{D22BD962-8334-4320-923B-A877549928DF}"
EndProject
Project("{FAE04EC0-301F-11D3-BF4B-00C04F79EFBC}") = "04_DeserializarJSON", "04_DeserializarJSON\04_DeserializarJSON.csproj", "{909DBC04-D7DC-4CF4-9E87-B45A6C7ADFDC}"
EndProject
Global
	GlobalSection(SolutionConfigurationPlatforms) = preSolution
		Debug|Any CPU = Debug|Any CPU
		Release|Any CPU = Release|Any CPU
	EndGlobalSection
	GlobalSection(ProjectConfigurationPlatforms) = postSolution
		{B5B4CE76-A924-479B-A5B8-70545EA29D37}.Debug|Any CPU.ActiveCfg = Debug|Any CPU
		{B5B4CE76-A924-479B-A5B8-70545EA29D37}.Debug|Any CPU.Build.0 = Debug|Any CPU
		{B5B4CE76-A924-479B-A5B8-70545EA29D37}.Release|Any CPU.ActiveCfg = Release|Any CPU
		{B5B4CE76-A924-479B-A5B8-70545EA29D37}.Release|Any CPU.Build.0 = Release|Any CPU
		{16A795E1-0691-47BC-A59D-7E3395236CE4}.Debug|Any CPU.ActiveCfg = Debug|Any CPU
		{16A795E1-0691-47BC-A59D-7E3395236CE4}.Debug|Any CPU.Build.0 = Debug|Any CPU
		{16A795E1-0691-47BC-A59D-7E3395236CE4}.Release|Any CPU.ActiveCfg = Release|Any CPU
		{16A795E1-0691-47BC-A59D-7E3395236CE4}.Release|Any CPU.Build.0 = Release|Any CPU
		{DA9ADAA7-DB15-4FDA-82E1-571D0FB4DAA9}.Debug|Any CPU.ActiveCfg = Debug|Any CPU
		{DA9ADAA7-DB15-4FDA-82E1-571D0FB4DAA9}.Debug|Any CPU.Build.0 = Debug|Any CPU
		{DA9ADAA7-DB15-4FDA-82E1-571D0FB4DAA9}.Release|Any CPU.ActiveCfg = Release|Any CPU
		{DA9ADAA7-DB15-4FDA-82E1-571D0FB4DAA9}.Release|Any CPU.Build.0 = Release|Any CPU
		{D22BD962-8334-4320-923B-A877549928DF}.Debug|Any CPU.ActiveCfg = Debug|Any CPU
		{D22BD962-8334-4320-923B-A877549928DF}.Debug|Any CPU.Build.0 = Debug|Any CPU
		{D22BD962-8334-4320-923B-A877549928DF}.Release|Any CPU.ActiveCfg = Release|Any CPU
		{D22BD962-8334-4320-923B-A877549928DF}.Release|Any CPU.Build.0 = Release|Any CPU
		{909DBC04-D7DC-4CF4-9E87-B45A6C7ADFDC}.Debug|Any CPU.ActiveCfg = Debug|Any CPU
		{909DBC04-D7DC-4CF4-9E87-B45A6C7ADFDC}.Debug|Any CPU.Build.0 = Debug|Any CPU
		{909DBC04-D7DC-4CF4-9E87-B45A6C7ADFDC}.Release|Any CPU.ActiveCfg = Release|Any CPU
		{909DBC04-D7DC-4CF4-9E87-B45A6C7ADFDC}.Release|Any CPU.Build.0 = Release|Any CPU
	EndGlobalSection
	GlobalSection(SolutionProperties) = preSolution
		HideSolutionNode = FALSE
	EndGlobalSection
	GlobalSection(ExtensibilityGlobals) = postSolution
		SolutionGuid = {9841BABB-6093-4FFB-B6A3-9165FCB56EA3}
	EndGlobalSection
EndGlobal
