
Microsoft Visual Studio Solution File, Format Version 12.00
# Visual Studio Version 16
VisualStudioVersion = 16.0.31313.79
MinimumVisualStudioVersion = 10.0.40219.1
Project("{FAE04EC0-301F-11D3-BF4B-00C04F79EFBC}") = "Delegates", "Delegates\Delegates.csproj", "{C76874D6-7FA6-4B9E-AC22-BD2DBF0C24B4}"
EndProject
Global
	GlobalSection(SolutionConfigurationPlatforms) = preSolution
		Debug|Any CPU = Debug|Any CPU
		Release|Any CPU = Release|Any CPU
	EndGlobalSection
	GlobalSection(ProjectConfigurationPlatforms) = postSolution
		{C76874D6-7FA6-4B9E-AC22-BD2DBF0C24B4}.Debug|Any CPU.ActiveCfg = Debug|Any CPU
		{C76874D6-7FA6-4B9E-AC22-BD2DBF0C24B4}.Debug|Any CPU.Build.0 = Debug|Any CPU
		{C76874D6-7FA6-4B9E-AC22-BD2DBF0C24B4}.Release|Any CPU.ActiveCfg = Release|Any CPU
		{C76874D6-7FA6-4B9E-AC22-BD2DBF0C24B4}.Release|Any CPU.Build.0 = Release|Any CPU
	EndGlobalSection
	GlobalSection(SolutionProperties) = preSolution
		HideSolutionNode = FALSE
	EndGlobalSection
	GlobalSection(ExtensibilityGlobals) = postSolution
		SolutionGuid = {CBE62451-9832-4905-B11D-6F8CEF74740E}
	EndGlobalSection
EndGlobal
